
Microsoft Visual Studio Solution File, Format Version 12.00
# Visual Studio 15
VisualStudioVersion = 15.0.27428.2037
MinimumVisualStudioVersion = 10.0.40219.1
Project("{FAE04EC0-301F-11D3-BF4B-00C04F79EFBC}") = "Calculus", "Calculus\Calculus.csproj", "{5A9AEE56-CE7F-4811-9F57-045C9EF21BF2}"
EndProject
Global
	GlobalSection(SolutionConfigurationPlatforms) = preSolution
		Debug|Any CPU = Debug|Any CPU
		Release|Any CPU = Release|Any CPU
	EndGlobalSection
	GlobalSection(ProjectConfigurationPlatforms) = postSolution
		{5A9AEE56-CE7F-4811-9F57-045C9EF21BF2}.Debug|Any CPU.ActiveCfg = Debug|Any CPU
		{5A9AEE56-CE7F-4811-9F57-045C9EF21BF2}.Debug|Any CPU.Build.0 = Debug|Any CPU
		{5A9AEE56-CE7F-4811-9F57-045C9EF21BF2}.Release|Any CPU.ActiveCfg = Release|Any CPU
		{5A9AEE56-CE7F-4811-9F57-045C9EF21BF2}.Release|Any CPU.Build.0 = Release|Any CPU
	EndGlobalSection
	GlobalSection(SolutionProperties) = preSolution
		HideSolutionNode = FALSE
	EndGlobalSection
	GlobalSection(ExtensibilityGlobals) = postSolution
		SolutionGuid = {4B43BADC-9AF5-4D86-A489-9EFD6ED00A00}
	EndGlobalSection
EndGlobal
